# requirements.lock — ALDECI pinned runtime dependency set
#
# PURPOSE: Reproducible build lockfile (REQ-009-01 / SPEC-009).
# This file captures the exact installed versions from the verified working
# Python 3.11 environment as of 2026-06-01. Install with:
#
#   pip install -r requirements.lock
#
# To reproduce offline (air-gapped, SCIF):
#   pip install --no-index --find-links ./vendor/ -r requirements.lock
#
# DO NOT edit version pins manually. To update:
#   1. Update requirements.txt with new bounds
#   2. pip install -r requirements.txt
#   3. pip freeze > requirements.lock  (then add this header back)
#   4. Run pip-audit -r requirements.lock before committing
#
# Generated: 2026-06-01
# Python:    3.11
# Tool:      pip freeze (captures actual installed, pinned versions)
# Note:      The -e (editable) aldeci_client SDK entry is intentionally
#            excluded below — it is the repo itself and not a third-party dep.
#            It is not installable from a wheelhouse; clone the repo instead.
#
about-time==4.2.1
aiodns==3.6.1
aiofiles==24.1.0
aiohappyeyeballs==2.6.1
aiohttp==3.13.5
aiomultiprocess==0.9.1
aiosignal==1.4.0
aiosqlite==0.22.1
alibabacloud-actiontrail20200706==2.4.1
alibabacloud-credentials==1.0.3
alibabacloud-credentials-api==1.0.0
alibabacloud-cs20151215==6.1.0
alibabacloud-darabonba-string==0.0.4
alibabacloud-ecs20140526==7.2.5
alibabacloud-gateway-sls==0.4.2
alibabacloud-gateway-sls-util==0.4.1
alibabacloud-openapi-util==0.2.4
alibabacloud-oss20190517==1.0.6
alibabacloud-ram20150501==1.2.0
alibabacloud-rds20140815==12.0.0
alibabacloud-sas20181203==6.1.0
alibabacloud-sls20201230==5.9.0
alibabacloud-sts20150401==1.1.6
alibabacloud-tea==0.4.3
alibabacloud-tea-openapi==0.4.4
alibabacloud-tea-util==0.3.14
alibabacloud-vpc20160428==6.13.0
alibabacloud_darabonba_array==0.1.0
alibabacloud_darabonba_encode_util==0.0.2
alibabacloud_darabonba_map==0.0.1
alibabacloud_darabonba_signature_util==0.0.4
alibabacloud_darabonba_time==0.0.1
alibabacloud_endpoint_util==0.0.4
alibabacloud_gateway_oss==0.0.17
alibabacloud_gateway_oss_util==0.0.3
alibabacloud_gateway_spi==0.0.3
alibabacloud_oss_util==0.0.6
alibabacloud_tea_xml==0.0.3
alive-progress==3.3.0
aliyun-log-fastpb==0.2.0
annotated-doc==0.0.4
annotated-types==0.7.0
anyio==4.12.1
APScheduler==3.11.2
argcomplete==3.6.3
asgiref==3.11.1
asteval==1.0.6
asttokens==3.0.1
attrs==25.4.0
Authlib==1.6.11
awsipranges==0.3.3
azure-common==1.1.28
azure-core==1.39.0
azure-identity==1.21.0
azure-keyvault-keys==4.10.0
azure-mgmt-apimanagement==5.0.0
azure-mgmt-applicationinsights==4.1.0
azure-mgmt-authorization==4.0.0
azure-mgmt-compute==34.0.0
azure-mgmt-containerregistry==12.0.0
azure-mgmt-containerservice==34.1.0
azure-mgmt-core==1.6.0
azure-mgmt-cosmosdb==9.7.0
azure-mgmt-databricks==2.0.0
azure-mgmt-keyvault==10.3.1
azure-mgmt-loganalytics==12.0.0
azure-mgmt-monitor==6.0.2
azure-mgmt-network==28.1.0
azure-mgmt-postgresqlflexibleservers==1.1.0
azure-mgmt-rdbms==10.1.0
azure-mgmt-recoveryservices==3.1.0
azure-mgmt-recoveryservicesbackup==9.2.0
azure-mgmt-resource==24.0.0
azure-mgmt-search==9.1.0
azure-mgmt-security==7.0.0
azure-mgmt-sql==3.0.1
azure-mgmt-storage==22.1.1
azure-mgmt-subscription==3.1.1
azure-mgmt-web==8.0.0
azure-monitor-query==2.0.0
azure-storage-blob==12.24.1
backports.tarfile==1.2.0
bandit==1.9.4
bc-detect-secrets==1.5.47
bc-jsonpath-ng==1.6.1
bc-python-hcl2==0.4.3
bcrypt==4.3.0
beartype==0.22.9
beautifulsoup4==4.14.3
bleach==6.3.0
blinker==1.9.0
boolean.py==5.0
boto3==1.40.61
botocore==1.40.61
CacheControl==0.14.4
cached-property==2.0.1
cachetools==5.5.2
certifi==2026.2.25
cffi==2.0.0
charset-normalizer==3.4.5
checkov==3.2.521
circuitbreaker==2.1.3
clawteam==0.2.0
click==8.3.1
click-option-group==0.5.9
click-plugins==1.1.1.2
cloudflare==4.3.1
cloudpickle==3.1.2
cloudsplaining==0.7.0
codegraphcontext==0.3.1
colorama==0.4.6
ConfigArgParse==1.7.5
contextlib2==21.6.0
coverage==7.13.4
cronsim==2.7
cryptography==46.0.7
cvss==3.6
cyclonedx-python-lib==7.6.2
cyclopts==4.10.2
darabonba-core==1.0.5
dash==3.1.1
dash-bootstrap-components==2.0.3
decorator==5.2.1
defusedxml==0.7.1
detect-secrets==1.5.0
distro==1.9.0
dnspython==2.8.0
docker==7.1.0
dockerfile-parse==2.0.1
docstring_parser==0.17.0
docutils==0.22.4
dogpile.cache==1.5.0
dpath==2.1.3
duckdb==1.5.2
dulwich==0.23.0
durationpy==0.10
email-validator==2.3.0
esprima==4.0.1
exceptiongroup==1.3.1
executing==2.2.1
fakeredis==2.35.0
FalkorDB==1.6.0
fastapi==0.127.1
fastjsonschema==2.21.2
feedparser==6.0.12
filelock==3.25.1
Flask==3.1.3
frozenlist==1.8.0
fsspec==2026.2.0
gitdb==4.0.12
GitPython==3.1.46
google-api-core==2.30.3
google-api-python-client==2.163.0
google-auth==2.49.2
google-auth-httplib2==0.2.0
googleapis-common-protos==1.73.0
graphemeu==0.7.2
graphifyy==0.4.18
greenlet==3.4.0
grpcio==1.78.0
h11==0.16.0
h2==4.3.0
hf-xet==1.4.3
hpack==4.1.0
httpcore==1.0.9
httplib2==0.31.2
httpx==0.28.1
httpx-sse==0.4.3
huggingface_hub==1.12.0
hyperframe==6.1.0
iamdata==0.1.202604251
idna==3.11
importlib_metadata==7.2.1
iniconfig==2.3.0
inquirerpy==0.3.4
ipython==9.10.1
ipython_pygments_lexers==1.1.1
iso8601==2.1.0
isodate==0.7.2
itsdangerous==2.2.0
jaraco.classes==3.4.0
jaraco.context==6.1.2
jaraco.functools==4.4.0
javalang==0.13.0
jedi==0.19.2
Jinja2==3.1.6
jmespath==1.1.0
joblib==1.5.3
jsonpatch==1.33
jsonpickle==4.1.1
jsonpointer==3.1.1
jsonref==1.1.0
jsonschema==4.23.0
jsonschema-path==0.4.5
jsonschema-specifications==2025.9.1
junit-xml==1.9
jupyter_client==8.8.0
jupyter_core==5.9.1
jupyterlab_pygments==0.3.0
keyring==25.7.0
keystoneauth1==5.13.1
kubernetes==32.0.1
kuzu==0.11.3
lark==1.3.1
license-expression==30.4.4
lupa==2.7
lz4==4.4.5
Markdown==3.10.2
markdown-it-py==4.0.0
MarkupSafe==3.0.3
matplotlib-inline==0.2.1
mcp==1.27.0
mdurl==0.1.2
microsoft-kiota-abstractions==1.9.2
microsoft-kiota-authentication-azure==1.9.2
microsoft-kiota-http==1.9.2
microsoft-kiota-serialization-form==1.9.2
microsoft-kiota-serialization-json==1.9.2
microsoft-kiota-serialization-multipart==1.9.2
microsoft-kiota-serialization-text==1.9.2
mistune==3.2.0
more-itertools==11.0.2
mpmath==1.3.0
msal==1.36.0
msal-extensions==1.3.1
msgpack==1.1.2
msgraph-core==1.3.8
msgraph-sdk==1.55.0
msrest==0.7.1
multidict==6.7.1
narwhals==2.20.0
nbclient==0.10.4
nbconvert==7.17.1
nbformat==5.10.4
neo4j==6.1.0
nest-asyncio==1.6.0
networkx==3.6.1
numpy==2.0.2
oauthlib==3.3.1
oci==2.169.0
openapi-pydantic==0.5.1
openapi-python-client==0.28.3
openstacksdk==4.2.0
opentelemetry-api==1.41.1
opentelemetry-exporter-otlp==1.41.1
opentelemetry-exporter-otlp-proto-common==1.41.1
opentelemetry-exporter-otlp-proto-grpc==1.41.1
opentelemetry-exporter-otlp-proto-http==1.41.1
opentelemetry-instrumentation==0.62b1
opentelemetry-instrumentation-asgi==0.62b1
opentelemetry-instrumentation-fastapi==0.62b1
opentelemetry-proto==1.41.1
opentelemetry-sdk==1.41.1
opentelemetry-semantic-conventions==0.62b1
opentelemetry-util-http==0.62b1
opt_einsum==3.4.0
orjson==3.11.7
os-service-types==1.8.2
packageurl-python==0.13.4
packaging==23.2
pandas==2.2.3
pandocfilters==1.5.1
parso==0.8.6
passlib==1.7.4
pathable==0.5.0
pathspec==1.0.4
pathvalidate==3.3.1
patsy==1.0.2
pbr==7.0.3
pexpect==4.9.0
pfzy==0.3.4
pgmpy==0.1.24
pika==1.3.2
pillow==12.2.0
pip-api==0.0.34
pip-requirements-parser==32.0.1
pip_audit==2.10.0
platformdirs==4.9.4
playwright==1.58.0
plotly==6.7.0
pluggy==1.6.0
ply==3.11
policy_sentry==0.13.2
prettytable==3.17.0
prometheus_client==0.25.0
prompt_toolkit==3.0.52
propcache==0.4.1
proto-plus==1.27.2
protobuf==6.33.5
prowler-cloud==5.24.4
psutil==7.2.2
psycopg2-binary==2.9.11
ptyprocess==0.7.0
pulsar-client==3.10.0
pure_eval==0.2.3
py-iam-expand==0.1.0
py-key-value-aio==0.3.0
py-key-value-shared==0.3.0
py-ocsf-models==0.8.1
py-serializable==1.1.2
pyasn1==0.6.3
pyasn1_modules==0.4.2
pycares==4.11.0
pycep-parser==0.5.1
pycparser==3.0
pydantic==2.13.3
pydantic-settings==2.13.1
pydantic_core==2.46.3
pydocket==0.19.0
pyee==13.0.1
PyGithub==2.8.0
Pygments==2.20.0
PyJWT==2.12.1
PyNaCl==1.6.2
pyOpenSSL==26.1.0
pyotp==2.9.0
pyparsing==3.3.2
pyperclip==1.11.0
pytest==9.0.3
pytest-asyncio==1.3.0
pytest-cov==5.0.0
pytest-timeout==2.4.0
python-dateutil==2.9.0.post0
python-dotenv==1.2.2
python-json-logger==4.1.0
python-logging-loki==0.3.1
python-multipart==0.0.27
pytz==2025.1
pyvis==0.3.2
PyYAML==6.0.3
pyzmq==27.1.0
questionary==2.1.1
rdflib==7.6.0
redis==7.4.0
referencing==0.37.0
regex==2026.4.4
reportlab==4.4.10
requests==2.33.1
requests-file==3.0.1
requests-oauthlib==2.0.0
requestsexceptions==1.4.0
retrying==1.4.2
rfc3339==6.2
rich==14.3.3
rich-rst==1.3.2
rpds-py==0.30.0
ruamel.yaml==0.19.1
ruff==0.15.12
rustworkx==0.17.1
s3transfer==0.14.0
safetensors==0.7.0
sarif-om==1.0.4
schema==0.7.5
scikit-learn==1.8.0
scipy==1.17.1
semantic-version==2.10.0
sentence-transformers==5.4.1
sgmllib3k==1.0.0
shellingham==1.5.4
shodan==1.31.0
six==1.17.0
slack_sdk==3.39.0
smmap==5.0.3
sniffio==1.3.1
sortedcontainers==2.4.0
soupsieve==2.8.3
spdx-tools==0.8.5
SQLAlchemy==2.0.49
sse-starlette==3.3.4
ssvc==1.2.3
stack-data==0.6.3
starlette==0.50.0
statsmodels==0.14.6
std-uritemplate==2.0.8
stdlibs==2026.2.26
stevedore==5.7.0
stripe==15.1.0
structlog==25.5.0
sympy==1.14.0
tabulate==0.9.0
tenacity==8.5.0
termcolor==2.3.0
threadpoolctl==3.6.0
tinycss2==1.4.0
tldextract==5.3.1
tokenizers==0.22.2
tomli==2.4.1
tomli_w==1.2.0
torch==2.10.0
tornado==6.5.5
tqdm==4.67.3
traitlets==5.14.3
transformers==5.6.2
tree-sitter==0.25.2
tree-sitter-c==0.24.1
tree-sitter-c-sharp==0.23.1
tree-sitter-cpp==0.23.4
tree-sitter-elixir==0.3.5
tree-sitter-embedded-template==0.25.0
tree-sitter-go==0.25.0
tree-sitter-java==0.23.5
tree-sitter-javascript==0.25.0
tree-sitter-julia==0.23.1
tree-sitter-kotlin==1.1.0
tree-sitter-language-pack==0.13.0
tree-sitter-lua==0.5.0
tree-sitter-objc==3.0.2
tree-sitter-php==0.24.1
tree-sitter-powershell==0.26.3
tree-sitter-python==0.25.0
tree-sitter-ruby==0.23.1
tree-sitter-rust==0.24.2
tree-sitter-scala==0.24.0
tree-sitter-swift==0.0.1
tree-sitter-typescript==0.23.2
tree-sitter-verilog==1.0.3
tree-sitter-yaml==0.7.2
tree-sitter-zig==1.1.2
trustgraph-base==2.2.26
trustgraph-cli==2.2.26
typer==0.24.1
typing-inspection==0.4.2
typing_extensions==4.15.0
tzdata==2026.2
tzlocal==5.3.1
uncalled-for==0.3.1
unidiff==0.7.5
uritemplate==4.2.0
uritools==6.0.1
urllib3==2.6.3
uuid6==2024.7.10
uvicorn==0.46.0
watchdog==5.0.3
wcwidth==0.6.0
webencodings==0.5.1
websocket-client==1.9.0
websockets==16.0
Werkzeug==3.1.8
wrapt==1.17.3
xlsxwriter==3.2.9
xmltodict==1.0.4
yarl==1.23.0
zipp==3.23.0
zstd==1.5.7.3
